github.com/alex-shpak/hugo-book v0.0.0-20220426114310-4ef38f3bbf5d h1:6MRB+1yQvA0sUL+zOn+vEUMpexRzVfZIFEIlMYr2Hhk=
github.com/alex-shpak/hugo-book v0.0.0-20220426114310-4ef38f3bbf5d/go.mod h1:L4NMyzbn15fpLIpmmtDg9ZFFyTZzw87/lk7M2bMQ7ds=
github.com/platenio/hugo-platen v0.1.0 h1:e2o+ehuwm7QkDkvtI+Pg0GdmWPkSO8YHsCg/fZHSEe4=
github.com/platenio/hugo-platen v0.1.0/go.mod h1:oKKoHERB/TNznzstUQiRFuVaqMyk/l8jtUTXR1M+6bk=
github.com/platenio/hugo-platen-netlify v0.1.0 h1:PKiKv9oPrVhigLWqMSsw/TSGz6r1qkYftxH3t2wwHUQ=
github.com/platenio/hugo-platen-netlify v0.1.0/go.mod h1:bWR1Oati9tMCAgtP1JpSzUCXPSFuVA9LA52tDlTC43Q=
github.com/platenio/hugo-toroidal v0.0.0-20220517032152-48506e061fdc h1:WtR4mqsrr7RAMjSi2rcpRn2U5lAiYfXHjRzbo+jzUA8=
github.com/platenio/hugo-toroidal v0.0.0-20220517032152-48506e061fdc/go.mod h1:PgnGdbm6QSXg9V2xD3G+1/yqUMaUORu86xtZJGjsgno=
github.com/theNewDynamic/hugo-module-tnd-netlifycms v0.1.80 h1:1msyp/pvZCNWmd9AI0/CHULHQAf+yKgd2LfedA5i1lQ=
github.com/theNewDynamic/hugo-module-tnd-netlifycms v0.1.80/go.mod h1:nq9tIR0Xpx2W2mSQHfJya2OvAfgYOMveqrllijA27vo=
