github.com/alex-shpak/hugo-book v0.0.0-20211201094339-2f60f0919f80 h1:LtcTABDB3wZuuLvbR46vsgmsclHGtI+ZmFWRpBcijIY=
github.com/alex-shpak/hugo-book v0.0.0-20211201094339-2f60f0919f80/go.mod h1:L4NMyzbn15fpLIpmmtDg9ZFFyTZzw87/lk7M2bMQ7ds=
github.com/platenio/hugo-platen v0.0.0-20220106154008-51703b8f9005 h1:KOoh+qVcLXwvak11eNrmb8iTayZ0NSji5Wq3yOCiXbU=
github.com/platenio/hugo-platen v0.0.0-20220106154008-51703b8f9005/go.mod h1:oKKoHERB/TNznzstUQiRFuVaqMyk/l8jtUTXR1M+6bk=
github.com/platenio/hugo-platen-netlify v0.0.0-20220107172339-7a739ec48725 h1:PugW+mAE5M8svMB7W4MgxoSdSJM/QuNE68Oen6DoCdg=
github.com/platenio/hugo-platen-netlify v0.0.0-20220107172339-7a739ec48725/go.mod h1:YBKjqg9cv+2x11xdN/UmL1xzI/sTRoq7ngktVo/bcqA=
github.com/platenio/hugo-platen-netlify v0.0.0-20220107201212-ee8434403f6b h1:DqEbNEgPZRevB0dlfJLkkybg8HrYqyRSgZHbFO3O0vc=
github.com/platenio/hugo-platen-netlify v0.0.0-20220107201212-ee8434403f6b/go.mod h1:bWR1Oati9tMCAgtP1JpSzUCXPSFuVA9LA52tDlTC43Q=
github.com/platenio/hugo-platen-netlify v0.0.0-20220107205438-89ff34eae0b7 h1:HsnP/SctioWGJen8WNAgpF+5it44eNBHMdjAIYPnPxU=
github.com/platenio/hugo-platen-netlify v0.0.0-20220107205438-89ff34eae0b7/go.mod h1:bWR1Oati9tMCAgtP1JpSzUCXPSFuVA9LA52tDlTC43Q=
github.com/platenio/hugo-platen-netlify v0.0.0-20220107210208-269faeb6f675 h1:yCTAYc6fVwFyAERNrFYmtVcm2Fb+XF2/IsOwz8bMczU=
github.com/platenio/hugo-platen-netlify v0.0.0-20220107210208-269faeb6f675/go.mod h1:bWR1Oati9tMCAgtP1JpSzUCXPSFuVA9LA52tDlTC43Q=
github.com/theNewDynamic/hugo-module-tnd-netlifycms v0.1.80 h1:1msyp/pvZCNWmd9AI0/CHULHQAf+yKgd2LfedA5i1lQ=
github.com/theNewDynamic/hugo-module-tnd-netlifycms v0.1.80/go.mod h1:nq9tIR0Xpx2W2mSQHfJya2OvAfgYOMveqrllijA27vo=
